// !$*UTF8*$!
{
	archiveVersion = 1;
	classes = {
	};
	objectVersion = 48;
	objects = {

/* Begin PBXBuildFile section */
		F6B307391FC5FB1200DDC939 /* UserViewController.swift in Sources */ = {isa = PBXBuildFile; fileRef = F6B307381FC5FB1200DDC939 /* UserViewController.swift */; };
		F6B3073B1FC6E8C100DDC939 /* FechasViewController.swift in Sources */ = {isa = PBXBuildFile; fileRef = F6B3073A1FC6E8C100DDC939 /* FechasViewController.swift */; };
		F6B3073D1FC6E8CA00DDC939 /* InfoViewController.swift in Sources */ = {isa = PBXBuildFile; fileRef = F6B3073C1FC6E8CA00DDC939 /* InfoViewController.swift */; };
		F6EC87C71FC422E200E26252 /* AppDelegate.swift in Sources */ = {isa = PBXBuildFile; fileRef = F6EC87C61FC422E200E26252 /* AppDelegate.swift */; };
		F6EC87CC1FC422E200E26252 /* Main.storyboard in Resources */ = {isa = PBXBuildFile; fileRef = F6EC87CA1FC422E200E26252 /* Main.storyboard */; };
		F6EC87CE1FC422E200E26252 /* Assets.xcassets in Resources */ = {isa = PBXBuildFile; fileRef = F6EC87CD1FC422E200E26252 /* Assets.xcassets */; };
		F6EC87D11FC422E200E26252 /* LaunchScreen.storyboard in Resources */ = {isa = PBXBuildFile; fileRef = F6EC87CF1FC422E200E26252 /* LaunchScreen.storyboard */; };
		F6EC87D91FC427AD00E26252 /* VisitsTableViewController.swift in Sources */ = {isa = PBXBuildFile; fileRef = F6EC87D81FC427AD00E26252 /* VisitsTableViewController.swift */; };
		F6EC87DF1FC5EEB800E26252 /* VisitasViewCell.swift in Sources */ = {isa = PBXBuildFile; fileRef = F6EC87DE1FC5EEB800E26252 /* VisitasViewCell.swift */; };
		F6EC87E31FC5F4A200E26252 /* FavouriteViewCell.swift in Sources */ = {isa = PBXBuildFile; fileRef = F6EC87E21FC5F4A200E26252 /* FavouriteViewCell.swift */; };
/* End PBXBuildFile section */

/* Begin PBXFileReference section */
		F6B307381FC5FB1200DDC939 /* UserViewController.swift */ = {isa = PBXFileReference; lastKnownFileType = sourcecode.swift; path = UserViewController.swift; sourceTree = "<group>"; };
		F6B3073A1FC6E8C100DDC939 /* FechasViewController.swift */ = {isa = PBXFileReference; lastKnownFileType = sourcecode.swift; path = FechasViewController.swift; sourceTree = "<group>"; };
		F6B3073C1FC6E8CA00DDC939 /* InfoViewController.swift */ = {isa = PBXFileReference; lastKnownFileType = sourcecode.swift; path = InfoViewController.swift; sourceTree = "<group>"; };
		F6EC87C31FC422E200E26252 /* PruebaPractica4 */ = {isa = PBXFileReference; explicitFileType = wrapper.application; includeInIndex = 0; name = PruebaPractica4; path = "../../../../../../../../Desktop/ETSIT/4º/IWEB/PRACTICA 5/PruebaPractica4"; sourceTree = BUILT_PRODUCTS_DIR; };
		F6EC87C61FC422E200E26252 /* AppDelegate.swift */ = {isa = PBXFileReference; lastKnownFileType = sourcecode.swift; path = AppDelegate.swift; sourceTree = "<group>"; };
		F6EC87CB1FC422E200E26252 /* Base */ = {isa = PBXFileReference; lastKnownFileType = file.storyboard; name = Base; path = Base.lproj/Main.storyboard; sourceTree = "<group>"; };
		F6EC87CD1FC422E200E26252 /* Assets.xcassets */ = {isa = PBXFileReference; lastKnownFileType = folder.assetcatalog; path = Assets.xcassets; sourceTree = "<group>"; };
		F6EC87D01FC422E200E26252 /* Base */ = {isa = PBXFileReference; lastKnownFileType = file.storyboard; name = Base; path = Base.lproj/LaunchScreen.storyboard; sourceTree = "<group>"; };
		F6EC87D21FC422E200E26252 /* Info.plist */ = {isa = PBXFileReference; lastKnownFileType = text.plist.xml; path = Info.plist; sourceTree = "<group>"; };
		F6EC87D81FC427AD00E26252 /* VisitsTableViewController.swift */ = {isa = PBXFileReference; lastKnownFileType = sourcecode.swift; path = VisitsTableViewController.swift; sourceTree = "<group>"; };
		F6EC87DE1FC5EEB800E26252 /* VisitasViewCell.swift */ = {isa = PBXFileReference; lastKnownFileType = sourcecode.swift; path = VisitasViewCell.swift; sourceTree = "<group>"; };
		F6EC87E21FC5F4A200E26252 /* FavouriteViewCell.swift */ = {isa = PBXFileReference; lastKnownFileType = sourcecode.swift; path = FavouriteViewCell.swift; sourceTree = "<group>"; };
/* End PBXFileReference section */

/* Begin PBXFrameworksBuildPhase section */
		F6EC87C01FC422E200E26252 /* Frameworks */ = {
			isa = PBXFrameworksBuildPhase;
			buildActionMask = 2147483647;
			files = (
			);
			runOnlyForDeploymentPostprocessing = 0;
		};
/* End PBXFrameworksBuildPhase section */

/* Begin PBXGroup section */
		F6EC87BA1FC422E200E26252 = {
			isa = PBXGroup;
			children = (
				F6EC87C51FC422E200E26252 /* PruebaPractica4 */,
				F6EC87C41FC422E200E26252 /* Products */,
			);
			sourceTree = "<group>";
		};
		F6EC87C41FC422E200E26252 /* Products */ = {
			isa = PBXGroup;
			children = (
				F6EC87C31FC422E200E26252 /* PruebaPractica4 */,
			);
			name = Products;
			sourceTree = "<group>";
		};
		F6EC87C51FC422E200E26252 /* PruebaPractica4 */ = {
			isa = PBXGroup;
			children = (
				F6EC87C61FC422E200E26252 /* AppDelegate.swift */,
				F6EC87D81FC427AD00E26252 /* VisitsTableViewController.swift */,
				F6EC87CA1FC422E200E26252 /* Main.storyboard */,
				F6EC87DE1FC5EEB800E26252 /* VisitasViewCell.swift */,
				F6EC87E21FC5F4A200E26252 /* FavouriteViewCell.swift */,
				F6B3073A1FC6E8C100DDC939 /* FechasViewController.swift */,
				F6B307381FC5FB1200DDC939 /* UserViewController.swift */,
				F6EC87CD1FC422E200E26252 /* Assets.xcassets */,
				F6EC87CF1FC422E200E26252 /* LaunchScreen.storyboard */,
				F6B3073C1FC6E8CA00DDC939 /* InfoViewController.swift */,
				F6EC87D21FC422E200E26252 /* Info.plist */,
			);
			path = PruebaPractica4;
			sourceTree = "<group>";
		};
/* End PBXGroup section */

/* Begin PBXNativeTarget section */
		F6EC87C21FC422E200E26252 /* PruebaPractica4 */ = {
			isa = PBXNativeTarget;
			buildConfigurationList = F6EC87D51FC422E200E26252 /* Build configuration list for PBXNativeTarget "PruebaPractica4" */;
			buildPhases = (
				F6EC87BF1FC422E200E26252 /* Sources */,
				F6EC87C01FC422E200E26252 /* Frameworks */,
				F6EC87C11FC422E200E26252 /* Resources */,
			);
			buildRules = (
			);
			dependencies = (
			);
			name = PruebaPractica4;
			productName = PruebaPractica4;
			productReference = F6EC87C31FC422E200E26252 /* PruebaPractica4 */;
			productType = "com.apple.product-type.application";
		};
/* End PBXNativeTarget section */

/* Begin PBXProject section */
		F6EC87BB1FC422E200E26252 /* Project object */ = {
			isa = PBXProject;
			attributes = {
				LastSwiftUpdateCheck = 0900;
				LastUpgradeCheck = 0900;
				ORGANIZATIONNAME = "Alberto Jimenez";
				TargetAttributes = {
					F6EC87C21FC422E200E26252 = {
						CreatedOnToolsVersion = 9.0.1;
						ProvisioningStyle = Automatic;
					};
				};
			};
			buildConfigurationList = F6EC87BE1FC422E200E26252 /* Build configuration list for PBXProject "PruebaPractica4" */;
			compatibilityVersion = "Xcode 8.0";
			developmentRegion = en;
			hasScannedForEncodings = 0;
			knownRegions = (
				en,
				Base,
			);
			mainGroup = F6EC87BA1FC422E200E26252;
			productRefGroup = F6EC87C41FC422E200E26252 /* Products */;
			projectDirPath = "";
			projectRoot = "";
			targets = (
				F6EC87C21FC422E200E26252 /* PruebaPractica4 */,
			);
		};
/* End PBXProject section */

/* Begin PBXResourcesBuildPhase section */
		F6EC87C11FC422E200E26252 /* Resources */ = {
			isa = PBXResourcesBuildPhase;
			buildActionMask = 2147483647;
			files = (
				F6EC87D11FC422E200E26252 /* LaunchScreen.storyboard in Resources */,
				F6EC87CE1FC422E200E26252 /* Assets.xcassets in Resources */,
				F6EC87CC1FC422E200E26252 /* Main.storyboard in Resources */,
			);
			runOnlyForDeploymentPostprocessing = 0;
		};
/* End PBXResourcesBuildPhase section */

/* Begin PBXSourcesBuildPhase section */
		F6EC87BF1FC422E200E26252 /* Sources */ = {
			isa = PBXSourcesBuildPhase;
			buildActionMask = 2147483647;
			files = (
				F6B307391FC5FB1200DDC939 /* UserViewController.swift in Sources */,
				F6EC87E31FC5F4A200E26252 /* FavouriteViewCell.swift in Sources */,
				F6EC87C71FC422E200E26252 /* AppDelegate.swift in Sources */,
				F6EC87D91FC427AD00E26252 /* VisitsTableViewController.swift in Sources */,
				F6B3073B1FC6E8C100DDC939 /* FechasViewController.swift in Sources */,
				F6B3073D1FC6E8CA00DDC939 /* InfoViewController.swift in Sources */,
				F6EC87DF1FC5EEB800E26252 /* VisitasViewCell.swift in Sources */,
			);
			runOnlyForDeploymentPostprocessing = 0;
		};
/* End PBXSourcesBuildPhase section */

/* Begin PBXVariantGroup section */
		F6EC87CA1FC422E200E26252 /* Main.storyboard */ = {
			isa = PBXVariantGroup;
			children = (
				F6EC87CB1FC422E200E26252 /* Base */,
			);
			name = Main.storyboard;
			sourceTree = "<group>";
		};
		F6EC87CF1FC422E200E26252 /* LaunchScreen.storyboard */ = {
			isa = PBXVariantGroup;
			children = (
				F6EC87D01FC422E200E26252 /* Base */,
			);
			name = LaunchScreen.storyboard;
			sourceTree = "<group>";
		};
/* End PBXVariantGroup section */

/* Begin XCBuildConfiguration section */
		F6EC87D31FC422E200E26252 /* Debug */ = {
			isa = XCBuildConfiguration;
			buildSettings = {
				ALWAYS_SEARCH_USER_PATHS = NO;
				CLANG_ANALYZER_NONNULL = YES;
				CLANG_ANALYZER_NUMBER_OBJECT_CONVERSION = YES_AGGRESSIVE;
				CLANG_CXX_LANGUAGE_STANDARD = "gnu++14";
				CLANG_CXX_LIBRARY = "libc++";
				CLANG_ENABLE_MODULES = YES;
				CLANG_ENABLE_OBJC_ARC = YES;
				CLANG_WARN_BLOCK_CAPTURE_AUTORELEASING = YES;
				CLANG_WARN_BOOL_CONVERSION = YES;
				CLANG_WARN_COMMA = YES;
				CLANG_WARN_CONSTANT_CONVERSION = YES;
				CLANG_WARN_DIRECT_OBJC_ISA_USAGE = YES_ERROR;
				CLANG_WARN_DOCUMENTATION_COMMENTS = YES;
				CLANG_WARN_EMPTY_BODY = YES;
				CLANG_WARN_ENUM_CONVERSION = YES;
				CLANG_WARN_INFINITE_RECURSION = YES;
				CLANG_WARN_INT_CONVERSION = YES;
				CLANG_WARN_NON_LITERAL_NULL_CONVERSION = YES;
				CLANG_WARN_OBJC_LITERAL_CONVERSION = YES;
				CLANG_WARN_OBJC_ROOT_CLASS = YES_ERROR;
				CLANG_WARN_RANGE_LOOP_ANALYSIS = YES;
				CLANG_WARN_STRICT_PROTOTYPES = YES;
				CLANG_WARN_SUSPICIOUS_MOVE = YES;
				CLANG_WARN_UNGUARDED_AVAILABILITY = YES_AGGRESSIVE;
				CLANG_WARN_UNREACHABLE_CODE = YES;
				CLANG_WARN__DUPLICATE_METHOD_MATCH = YES;
				CODE_SIGN_IDENTITY = "iPhone Developer";
				COPY_PHASE_STRIP = NO;
				DEBUG_INFORMATION_FORMAT = dwarf;
				ENABLE_STRICT_OBJC_MSGSEND = YES;
				ENABLE_TESTABILITY = YES;
				GCC_C_LANGUAGE_STANDARD = gnu11;
				GCC_DYNAMIC_NO_PIC = NO;
				GCC_NO_COMMON_BLOCKS = YES;
				GCC_OPTIMIZATION_LEVEL = 0;
				GCC_PREPROCESSOR_DEFINITIONS = (
					"DEBUG=1",
					"$(inherited)",
				);
				GCC_WARN_64_TO_32_BIT_CONVERSION = YES;
				GCC_WARN_ABOUT_RETURN_TYPE = YES_ERROR;
				GCC_WARN_UNDECLARED_SELECTOR = YES;
				GCC_WARN_UNINITIALIZED_AUTOS = YES_AGGRESSIVE;
				GCC_WARN_UNUSED_FUNCTION = YES;
				GCC_WARN_UNUSED_VARIABLE = YES;
				IPHONEOS_DEPLOYMENT_TARGET = 11.0;
				MTL_ENABLE_DEBUG_INFO = YES;
				ONLY_ACTIVE_ARCH = YES;
				SDKROOT = iphoneos;
				SWIFT_ACTIVE_COMPILATION_CONDITIONS = DEBUG;
				SWIFT_OPTIMIZATION_LEVEL = "-Onone";
			};
			name = Debug;
		};
		F6EC87D41FC422E200E26252 /* Release */ = {
			isa = XCBuildConfiguration;
			buildSettings = {
				ALWAYS_SEARCH_USER_PATHS = NO;
				CLANG_ANALYZER_NONNULL = YES;
				CLANG_ANALYZER_NUMBER_OBJECT_CONVERSION = YES_AGGRESSIVE;
				CLANG_CXX_LANGUAGE_STANDARD = "gnu++14";
				CLANG_CXX_LIBRARY = "libc++";
				CLANG_ENABLE_MODULES = YES;
				CLANG_ENABLE_OBJC_ARC = YES;
				CLANG_WARN_BLOCK_CAPTURE_AUTORELEASING = YES;
				CLANG_WARN_BOOL_CONVERSION = YES;
				CLANG_WARN_COMMA = YES;
				CLANG_WARN_CONSTANT_CONVERSION = YES;
				CLANG_WARN_DIRECT_OBJC_ISA_USAGE = YES_ERROR;
				CLANG_WARN_DOCUMENTATION_COMMENTS = YES;
				CLANG_WARN_EMPTY_BODY = YES;
				CLANG_WARN_ENUM_CONVERSION = YES;
				CLANG_WARN_INFINITE_RECURSION = YES;
				CLANG_WARN_INT_CONVERSION = YES;
				CLANG_WARN_NON_LITERAL_NULL_CONVERSION = YES;
				CLANG_WARN_OBJC_LITERAL_CONVERSION = YES;
				CLANG_WARN_OBJC_ROOT_CLASS = YES_ERROR;
				CLANG_WARN_RANGE_LOOP_ANALYSIS = YES;
				CLANG_WARN_STRICT_PROTOTYPES = YES;
				CLANG_WARN_SUSPICIOUS_MOVE = YES;
				CLANG_WARN_UNGUARDED_AVAILABILITY = YES_AGGRESSIVE;
				CLANG_WARN_UNREACHABLE_CODE = YES;
				CLANG_WARN__DUPLICATE_METHOD_MATCH = YES;
				CODE_SIGN_IDENTITY = "iPhone Developer";
				COPY_PHASE_STRIP = NO;
				DEBUG_INFORMATION_FORMAT = "dwarf-with-dsym";
				ENABLE_NS_ASSERTIONS = NO;
				ENABLE_STRICT_OBJC_MSGSEND = YES;
				GCC_C_LANGUAGE_STANDARD = gnu11;
				GCC_NO_COMMON_BLOCKS = YES;
				GCC_WARN_64_TO_32_BIT_CONVERSION = YES;
				GCC_WARN_ABOUT_RETURN_TYPE = YES_ERROR;
				GCC_WARN_UNDECLARED_SELECTOR = YES;
				GCC_WARN_UNINITIALIZED_AUTOS = YES_AGGRESSIVE;
				GCC_WARN_UNUSED_FUNCTION = YES;
				GCC_WARN_UNUSED_VARIABLE = YES;
				IPHONEOS_DEPLOYMENT_TARGET = 11.0;
				MTL_ENABLE_DEBUG_INFO = NO;
				SDKROOT = iphoneos;
				SWIFT_OPTIMIZATION_LEVEL = "-Owholemodule";
				VALIDATE_PRODUCT = YES;
			};
			name = Release;
		};
		F6EC87D61FC422E200E26252 /* Debug */ = {
			isa = XCBuildConfiguration;
			buildSettings = {
				ASSETCATALOG_COMPILER_APPICON_NAME = AppIcon1;
				CODE_SIGN_STYLE = Automatic;
				DEVELOPMENT_TEAM = GQRR838SZC;
				INFOPLIST_FILE = PruebaPractica4/Info.plist;
				LD_RUNPATH_SEARCH_PATHS = "$(inherited) @executable_path/Frameworks";
				PRODUCT_BUNDLE_IDENTIFIER = upm.es.PruebaPractica4;
				PRODUCT_NAME = "$(TARGET_NAME)";
				SWIFT_VERSION = 4.0;
				TARGETED_DEVICE_FAMILY = "1,2";
			};
			name = Debug;
		};
		F6EC87D71FC422E200E26252 /* Release */ = {
			isa = XCBuildConfiguration;
			buildSettings = {
				ASSETCATALOG_COMPILER_APPICON_NAME = AppIcon1;
				CODE_SIGN_STYLE = Automatic;
				DEVELOPMENT_TEAM = GQRR838SZC;
				INFOPLIST_FILE = PruebaPractica4/Info.plist;
				LD_RUNPATH_SEARCH_PATHS = "$(inherited) @executable_path/Frameworks";
				PRODUCT_BUNDLE_IDENTIFIER = upm.es.PruebaPractica4;
				PRODUCT_NAME = "$(TARGET_NAME)";
				SWIFT_VERSION = 4.0;
				TARGETED_DEVICE_FAMILY = "1,2";
			};
			name = Release;
		};
/* End XCBuildConfiguration section */

/* Begin XCConfigurationList section */
		F6EC87BE1FC422E200E26252 /* Build configuration list for PBXProject "PruebaPractica4" */ = {
			isa = XCConfigurationList;
			buildConfigurations = (
				F6EC87D31FC422E200E26252 /* Debug */,
				F6EC87D41FC422E200E26252 /* Release */,
			);
			defaultConfigurationIsVisible = 0;
			defaultConfigurationName = Release;
		};
		F6EC87D51FC422E200E26252 /* Build configuration list for PBXNativeTarget "PruebaPractica4" */ = {
			isa = XCConfigurationList;
			buildConfigurations = (
				F6EC87D61FC422E200E26252 /* Debug */,
				F6EC87D71FC422E200E26252 /* Release */,
			);
			defaultConfigurationIsVisible = 0;
			defaultConfigurationName = Release;
		};
/* End XCConfigurationList section */
	};
	rootObject = F6EC87BB1FC422E200E26252 /* Project object */;
}
